// !$*UTF8*$!
{
	archiveVersion = 1;
	classes = {
	};
	objectVersion = 46;
	objects = {

/* Begin PBXBuildFile section */
		793B43411C685AC500D3F06C /* AppDelegate.swift in Sources */ = {isa = PBXBuildFile; fileRef = 793B43401C685AC500D3F06C /* AppDelegate.swift */; };
		793B43431C685AC500D3F06C /* ViewController.swift in Sources */ = {isa = PBXBuildFile; fileRef = 793B43421C685AC500D3F06C /* ViewController.swift */; };
		793B43461C685AC500D3F06C /* Main.storyboard in Resources */ = {isa = PBXBuildFile; fileRef = 793B43441C685AC500D3F06C /* Main.storyboard */; };
		793B43491C685AC500D3F06C /* Happiness.xcdatamodeld in Sources */ = {isa = PBXBuildFile; fileRef = 793B43471C685AC500D3F06C /* Happiness.xcdatamodeld */; };
		793B434B1C685AC500D3F06C /* Assets.xcassets in Resources */ = {isa = PBXBuildFile; fileRef = 793B434A1C685AC500D3F06C /* Assets.xcassets */; };
		793B434E1C685AC500D3F06C /* LaunchScreen.storyboard in Resources */ = {isa = PBXBuildFile; fileRef = 793B434C1C685AC500D3F06C /* LaunchScreen.storyboard */; };
/* End PBXBuildFile section */

/* Begin PBXFileReference section */
		793B433D1C685AC500D3F06C /* Happiness.app */ = {isa = PBXFileReference; explicitFileType = wrapper.application; includeInIndex = 0; path = Happiness.app; sourceTree = BUILT_PRODUCTS_DIR; };
		793B43401C685AC500D3F06C /* AppDelegate.swift */ = {isa = PBXFileReference; lastKnownFileType = sourcecode.swift; path = AppDelegate.swift; sourceTree = "<group>"; };
		793B43421C685AC500D3F06C /* ViewController.swift */ = {isa = PBXFileReference; lastKnownFileType = sourcecode.swift; path = ViewController.swift; sourceTree = "<group>"; };
		793B43451C685AC500D3F06C /* Base */ = {isa = PBXFileReference; lastKnownFileType = file.storyboard; name = Base; path = Base.lproj/Main.storyboard; sourceTree = "<group>"; };
		793B43481C685AC500D3F06C /* Happiness.xcdatamodel */ = {isa = PBXFileReference; lastKnownFileType = wrapper.xcdatamodel; path = Happiness.xcdatamodel; sourceTree = "<group>"; };
		793B434A1C685AC500D3F06C /* Assets.xcassets */ = {isa = PBXFileReference; lastKnownFileType = folder.assetcatalog; path = Assets.xcassets; sourceTree = "<group>"; };
		793B434D1C685AC500D3F06C /* Base */ = {isa = PBXFileReference; lastKnownFileType = file.storyboard; name = Base; path = Base.lproj/LaunchScreen.storyboard; sourceTree = "<group>"; };
		793B434F1C685AC500D3F06C /* Info.plist */ = {isa = PBXFileReference; lastKnownFileType = text.plist.xml; path = Info.plist; sourceTree = "<group>"; };
/* End PBXFileReference section */

/* Begin PBXFrameworksBuildPhase section */
		793B433A1C685AC500D3F06C /* Frameworks */ = {
			isa = PBXFrameworksBuildPhase;
			buildActionMask = 2147483647;
			files = (
			);
			runOnlyForDeploymentPostprocessing = 0;
		};
/* End PBXFrameworksBuildPhase section */

/* Begin PBXGroup section */
		793B43341C685AC500D3F06C = {
			isa = PBXGroup;
			children = (
				793B433F1C685AC500D3F06C /* Happiness */,
				793B433E1C685AC500D3F06C /* Products */,
			);
			sourceTree = "<group>";
		};
		793B433E1C685AC500D3F06C /* Products */ = {
			isa = PBXGroup;
			children = (
				793B433D1C685AC500D3F06C /* Happiness.app */,
			);
			name = Products;
			sourceTree = "<group>";
		};
		793B433F1C685AC500D3F06C /* Happiness */ = {
			isa = PBXGroup;
			children = (
				793B43401C685AC500D3F06C /* AppDelegate.swift */,
				793B43421C685AC500D3F06C /* ViewController.swift */,
				793B43441C685AC500D3F06C /* Main.storyboard */,
				793B434A1C685AC500D3F06C /* Assets.xcassets */,
				793B434C1C685AC500D3F06C /* LaunchScreen.storyboard */,
				793B434F1C685AC500D3F06C /* Info.plist */,
				793B43471C685AC500D3F06C /* Happiness.xcdatamodeld */,
			);
			path = Happiness;
			sourceTree = "<group>";
		};
/* End PBXGroup section */

/* Begin PBXNativeTarget section */
		793B433C1C685AC500D3F06C /* Happiness */ = {
			isa = PBXNativeTarget;
			buildConfigurationList = 793B43521C685AC500D3F06C /* Build configuration list for PBXNativeTarget "Happiness" */;
			buildPhases = (
				793B43391C685AC500D3F06C /* Sources */,
				793B433A1C685AC500D3F06C /* Frameworks */,
				793B433B1C685AC500D3F06C /* Resources */,
			);
			buildRules = (
			);
			dependencies = (
			);
			name = Happiness;
			productName = Happiness;
			productReference = 793B433D1C685AC500D3F06C /* Happiness.app */;
			productType = "com.apple.product-type.application";
		};
/* End PBXNativeTarget section */

/* Begin PBXProject section */
		793B43351C685AC500D3F06C /* Project object */ = {
			isa = PBXProject;
			attributes = {
				LastSwiftUpdateCheck = 0720;
				LastUpgradeCheck = 0720;
				ORGANIZATIONNAME = "Jagadish Uppala";
				TargetAttributes = {
					793B433C1C685AC500D3F06C = {
						CreatedOnToolsVersion = 7.2;
						DevelopmentTeam = 97E7AYHFRX;
					};
				};
			};
			buildConfigurationList = 793B43381C685AC500D3F06C /* Build configuration list for PBXProject "Happiness" */;
			compatibilityVersion = "Xcode 3.2";
			developmentRegion = English;
			hasScannedForEncodings = 0;
			knownRegions = (
				en,
				Base,
			);
			mainGroup = 793B43341C685AC500D3F06C;
			productRefGroup = 793B433E1C685AC500D3F06C /* Products */;
			projectDirPath = "";
			projectRoot = "";
			targets = (
				793B433C1C685AC500D3F06C /* Happiness */,
			);
		};
/* End PBXProject section */

/* Begin PBXResourcesBuildPhase section */
		793B433B1C685AC500D3F06C /* Resources */ = {
			isa = PBXResourcesBuildPhase;
			buildActionMask = 2147483647;
			files = (
				793B434E1C685AC500D3F06C /* LaunchScreen.storyboard in Resources */,
				793B434B1C685AC500D3F06C /* Assets.xcassets in Resources */,
				793B43461C685AC500D3F06C /* Main.storyboard in Resources */,
			);
			runOnlyForDeploymentPostprocessing = 0;
		};
/* End PBXResourcesBuildPhase section */

/* Begin PBXSourcesBuildPhase section */
		793B43391C685AC500D3F06C /* Sources */ = {
			isa = PBXSourcesBuildPhase;
			buildActionMask = 2147483647;
			files = (
				793B43431C685AC500D3F06C /* ViewController.swift in Sources */,
				793B43491C685AC500D3F06C /* Happiness.xcdatamodeld in Sources */,
				793B43411C685AC500D3F06C /* AppDelegate.swift in Sources */,
			);
			runOnlyForDeploymentPostprocessing = 0;
		};
/* End PBXSourcesBuildPhase section */

/* Begin PBXVariantGroup section */
		793B43441C685AC500D3F06C /* Main.storyboard */ = {
			isa = PBXVariantGroup;
			children = (
				793B43451C685AC500D3F06C /* Base */,
			);
			name = Main.storyboard;
			sourceTree = "<group>";
		};
		793B434C1C685AC500D3F06C /* LaunchScreen.storyboard */ = {
			isa = PBXVariantGroup;
			children = (
				793B434D1C685AC500D3F06C /* Base */,
			);
			name = LaunchScreen.storyboard;
			sourceTree = "<group>";
		};
/* End PBXVariantGroup section */

/* Begin XCBuildConfiguration section */
		793B43501C685AC500D3F06C /* Debug */ = {
			isa = XCBuildConfiguration;
			buildSettings = {
				ALWAYS_SEARCH_USER_PATHS = NO;
				CLANG_CXX_LANGUAGE_STANDARD = "gnu++0x";
				CLANG_CXX_LIBRARY = "libc++";
				CLANG_ENABLE_MODULES = YES;
				CLANG_ENABLE_OBJC_ARC = YES;
				CLANG_WARN_BOOL_CONVERSION = YES;
				CLANG_WARN_CONSTANT_CONVERSION = YES;
				CLANG_WARN_DIRECT_OBJC_ISA_USAGE = YES_ERROR;
				CLANG_WARN_EMPTY_BODY = YES;
				CLANG_WARN_ENUM_CONVERSION = YES;
				CLANG_WARN_INT_CONVERSION = YES;
				CLANG_WARN_OBJC_ROOT_CLASS = YES_ERROR;
				CLANG_WARN_UNREACHABLE_CODE = YES;
				CLANG_WARN__DUPLICATE_METHOD_MATCH = YES;
				"CODE_SIGN_IDENTITY[sdk=iphoneos*]" = "iPhone Developer";
				COPY_PHASE_STRIP = NO;
				DEBUG_INFORMATION_FORMAT = dwarf;
				ENABLE_STRICT_OBJC_MSGSEND = YES;
				ENABLE_TESTABILITY = YES;
				GCC_C_LANGUAGE_STANDARD = gnu99;
				GCC_DYNAMIC_NO_PIC = NO;
				GCC_NO_COMMON_BLOCKS = YES;
				GCC_OPTIMIZATION_LEVEL = 0;
				GCC_PREPROCESSOR_DEFINITIONS = (
					"DEBUG=1",
					"$(inherited)",
				);
				GCC_WARN_64_TO_32_BIT_CONVERSION = YES;
				GCC_WARN_ABOUT_RETURN_TYPE = YES_ERROR;
				GCC_WARN_UNDECLARED_SELECTOR = YES;
				GCC_WARN_UNINITIALIZED_AUTOS = YES_AGGRESSIVE;
				GCC_WARN_UNUSED_FUNCTION = YES;
				GCC_WARN_UNUSED_VARIABLE = YES;
				IPHONEOS_DEPLOYMENT_TARGET = 9.2;
				MTL_ENABLE_DEBUG_INFO = YES;
				ONLY_ACTIVE_ARCH = YES;
				SDKROOT = iphoneos;
				SWIFT_OPTIMIZATION_LEVEL = "-Onone";
				TARGETED_DEVICE_FAMILY = "1,2";
			};
			name = Debug;
		};
		793B43511C685AC500D3F06C /* Release */ = {
			isa = XCBuildConfiguration;
			buildSettings = {
				ALWAYS_SEARCH_USER_PATHS = NO;
				CLANG_CXX_LANGUAGE_STANDARD = "gnu++0x";
				CLANG_CXX_LIBRARY = "libc++";
				CLANG_ENABLE_MODULES = YES;
				CLANG_ENABLE_OBJC_ARC = YES;
				CLANG_WARN_BOOL_CONVERSION = YES;
				CLANG_WARN_CONSTANT_CONVERSION = YES;
				CLANG_WARN_DIRECT_OBJC_ISA_USAGE = YES_ERROR;
				CLANG_WARN_EMPTY_BODY = YES;
				CLANG_WARN_ENUM_CONVERSION = YES;
				CLANG_WARN_INT_CONVERSION = YES;
				CLANG_WARN_OBJC_ROOT_CLASS = YES_ERROR;
				CLANG_WARN_UNREACHABLE_CODE = YES;
				CLANG_WARN__DUPLICATE_METHOD_MATCH = YES;
				"CODE_SIGN_IDENTITY[sdk=iphoneos*]" = "iPhone Developer";
				COPY_PHASE_STRIP = NO;
				DEBUG_INFORMATION_FORMAT = "dwarf-with-dsym";
				ENABLE_NS_ASSERTIONS = NO;
				ENABLE_STRICT_OBJC_MSGSEND = YES;
				GCC_C_LANGUAGE_STANDARD = gnu99;
				GCC_NO_COMMON_BLOCKS = YES;
				GCC_WARN_64_TO_32_BIT_CONVERSION = YES;
				GCC_WARN_ABOUT_RETURN_TYPE = YES_ERROR;
				GCC_WARN_UNDECLARED_SELECTOR = YES;
				GCC_WARN_UNINITIALIZED_AUTOS = YES_AGGRESSIVE;
				GCC_WARN_UNUSED_FUNCTION = YES;
				GCC_WARN_UNUSED_VARIABLE = YES;
				IPHONEOS_DEPLOYMENT_TARGET = 9.2;
				MTL_ENABLE_DEBUG_INFO = NO;
				SDKROOT = iphoneos;
				TARGETED_DEVICE_FAMILY = "1,2";
				VALIDATE_PRODUCT = YES;
			};
			name = Release;
		};
		793B43531C685AC500D3F06C /* Debug */ = {
			isa = XCBuildConfiguration;
			buildSettings = {
				ASSETCATALOG_COMPILER_APPICON_NAME = AppIcon;
				INFOPLIST_FILE = Happiness/Info.plist;
				LD_RUNPATH_SEARCH_PATHS = "$(inherited) @executable_path/Frameworks";
				PRODUCT_BUNDLE_IDENTIFIER = com.devpower.Happiness;
				PRODUCT_NAME = "$(TARGET_NAME)";
			};
			name = Debug;
		};
		793B43541C685AC500D3F06C /* Release */ = {
			isa = XCBuildConfiguration;
			buildSettings = {
				ASSETCATALOG_COMPILER_APPICON_NAME = AppIcon;
				INFOPLIST_FILE = Happiness/Info.plist;
				LD_RUNPATH_SEARCH_PATHS = "$(inherited) @executable_path/Frameworks";
				PRODUCT_BUNDLE_IDENTIFIER = com.devpower.Happiness;
				PRODUCT_NAME = "$(TARGET_NAME)";
			};
			name = Release;
		};
/* End XCBuildConfiguration section */

/* Begin XCConfigurationList section */
		793B43381C685AC500D3F06C /* Build configuration list for PBXProject "Happiness" */ = {
			isa = XCConfigurationList;
			buildConfigurations = (
				793B43501C685AC500D3F06C /* Debug */,
				793B43511C685AC500D3F06C /* Release */,
			);
			defaultConfigurationIsVisible = 0;
			defaultConfigurationName = Release;
		};
		793B43521C685AC500D3F06C /* Build configuration list for PBXNativeTarget "Happiness" */ = {
			isa = XCConfigurationList;
			buildConfigurations = (
				793B43531C685AC500D3F06C /* Debug */,
				793B43541C685AC500D3F06C /* Release */,
			);
			defaultConfigurationIsVisible = 0;
		};
/* End XCConfigurationList section */

/* Begin XCVersionGroup section */
		793B43471C685AC500D3F06C /* Happiness.xcdatamodeld */ = {
			isa = XCVersionGroup;
			children = (
				793B43481C685AC500D3F06C /* Happiness.xcdatamodel */,
			);
			currentVersion = 793B43481C685AC500D3F06C /* Happiness.xcdatamodel */;
			path = Happiness.xcdatamodeld;
			sourceTree = "<group>";
			versionGroupType = wrapper.xcdatamodel;
		};
/* End XCVersionGroup section */
	};
	rootObject = 793B43351C685AC500D3F06C /* Project object */;
}
